{
  "pins" : [
    {
      "identity" : "dd-sdk-ios",
      "kind" : "remoteSourceControl",
      "location" : "https://github.com/DataDog/dd-sdk-ios",
      "state" : {
        "revision" : "9cfa5529451e479d5d40e9a1b1678534e2428e5a",
        "version" : "1.20.0"
      }
    },
    {
      "identity" : "logrocket-ios-swift-package",
      "kind" : "remoteSourceControl",
      "location" : "https://github.com/LogRocket/logrocket-ios-swift-package",
      "state" : {
        "revision" : "b964459efe23d6d09a287adcdbe99c983cb2d135",
        "version" : "1.16.6"
      }
    },
    {
      "identity" : "plcrashreporter",
      "kind" : "remoteSourceControl",
      "location" : "https://github.com/microsoft/plcrashreporter.git",
      "state" : {
        "revision" : "1aed8f7dc79ce8e674c61e430ef51ca3db18cea9",
        "version" : "1.11.1"
      }
    },
    {
      "identity" : "sentry-cocoa",
      "kind" : "remoteSourceControl",
      "location" : "https://github.com/getsentry/sentry-cocoa.git",
      "state" : {
        "revision" : "9cf7d2e514af1600cc2b3c5592e2848c6c5a76d6",
        "version" : "8.7.3"
      }
    },
    {
      "identity" : "swift-docc-plugin",
      "kind" : "remoteSourceControl",
      "location" : "https://github.com/apple/swift-docc-plugin",
      "state" : {
        "branch" : "main",
        "revision" : "26ac5758409154cc448d7ab82389c520fa8a8247"
      }
    },
    {
      "identity" : "swift-docc-symbolkit",
      "kind" : "remoteSourceControl",
      "location" : "https://github.com/apple/swift-docc-symbolkit",
      "state" : {
        "revision" : "b45d1f2ed151d057b54504d653e0da5552844e34",
        "version" : "1.0.0"
      }
    },
    {
      "identity" : "swiftybeaver",
      "kind" : "remoteSourceControl",
      "location" : "https://github.com/SwiftyBeaver/SwiftyBeaver",
      "state" : {
        "revision" : "12b5acf96d98f91d50de447369bd18df74600f1a",
        "version" : "1.9.6"
      }
    }
  ],
  "version" : 2
}
