{
  "pins" : [
    {
      "identity" : "dd-sdk-ios",
      "kind" : "remoteSourceControl",
      "location" : "https://github.com/DataDog/dd-sdk-ios",
      "state" : {
        "revision" : "6418c623b0a91b9ac7a9d91c1c61ccc0aa2bf668",
        "version" : "1.16.0"
      }
    },
    {
      "identity" : "logrocket-ios-swift-package",
      "kind" : "remoteSourceControl",
      "location" : "https://github.com/LogRocket/logrocket-ios-swift-package",
      "state" : {
        "revision" : "2bb7a91af07c67aa380028834a110fc9dccd7dbc",
        "version" : "1.12.1"
      }
    },
    {
      "identity" : "plcrashreporter",
      "kind" : "remoteSourceControl",
      "location" : "https://github.com/microsoft/plcrashreporter.git",
      "state" : {
        "revision" : "b1a342da19ed9b3af61ea2efa7656c2af30aeb7c",
        "version" : "1.11.0"
      }
    },
    {
      "identity" : "sentry-cocoa",
      "kind" : "remoteSourceControl",
      "location" : "https://github.com/getsentry/sentry-cocoa.git",
      "state" : {
        "revision" : "2e7899aff930ed3b8d81be1909492f7684bbd481",
        "version" : "8.3.1"
      }
    },
    {
      "identity" : "swiftybeaver",
      "kind" : "remoteSourceControl",
      "location" : "https://github.com/SwiftyBeaver/SwiftyBeaver",
      "state" : {
        "revision" : "12b5acf96d98f91d50de447369bd18df74600f1a",
        "version" : "1.9.6"
      }
    }
  ],
  "version" : 2
}
