{
  "pins" : [
    {
      "identity" : "dd-sdk-ios",
      "kind" : "remoteSourceControl",
      "location" : "https://github.com/DataDog/dd-sdk-ios",
      "state" : {
        "revision" : "d21815db41fe9a73e026ace09e6f6736f36f66e1",
        "version" : "1.17.0"
      }
    },
    {
      "identity" : "logrocket-ios-swift-package",
      "kind" : "remoteSourceControl",
      "location" : "https://github.com/LogRocket/logrocket-ios-swift-package",
      "state" : {
        "revision" : "9b1397e68cbf1fae6d8b26331ba069deab9c4c96",
        "version" : "1.12.4"
      }
    },
    {
      "identity" : "plcrashreporter",
      "kind" : "remoteSourceControl",
      "location" : "https://github.com/microsoft/plcrashreporter.git",
      "state" : {
        "revision" : "b1a342da19ed9b3af61ea2efa7656c2af30aeb7c",
        "version" : "1.11.0"
      }
    },
    {
      "identity" : "sentry-cocoa",
      "kind" : "remoteSourceControl",
      "location" : "https://github.com/getsentry/sentry-cocoa.git",
      "state" : {
        "revision" : "ac224c437a3070ffe34460137ac8761eddaf2852",
        "version" : "8.3.3"
      }
    },
    {
      "identity" : "swift-docc-plugin",
      "kind" : "remoteSourceControl",
      "location" : "https://github.com/apple/swift-docc-plugin",
      "state" : {
        "branch" : "main",
        "revision" : "106fd09cc69dfa610cb12770f6aee59671aed109"
      }
    },
    {
      "identity" : "swift-docc-symbolkit",
      "kind" : "remoteSourceControl",
      "location" : "https://github.com/apple/swift-docc-symbolkit",
      "state" : {
        "revision" : "b45d1f2ed151d057b54504d653e0da5552844e34",
        "version" : "1.0.0"
      }
    },
    {
      "identity" : "swiftybeaver",
      "kind" : "remoteSourceControl",
      "location" : "https://github.com/SwiftyBeaver/SwiftyBeaver",
      "state" : {
        "revision" : "12b5acf96d98f91d50de447369bd18df74600f1a",
        "version" : "1.9.6"
      }
    }
  ],
  "version" : 2
}
